---
lockfileVersion: 1
lockfileVendor: redhat
arches:
- arch: x86_64
  packages:
  - url: https://cdn-ubi.redhat.com/content/public/ubi/dist/ubi9/9/x86_64/appstream/os/Packages/c/cpp-11.5.0-5.el9_5.x86_64.rpm
    repoid: ubi-9-for-x86_64-appstream-rpms
    size: 11229073
    checksum: sha256:b5567c690d46d4f5a2cb13be6a4f962dbe8cc7e821b9d3baa09a4f10c59014d9
    name: cpp
    evr: 11.5.0-5.el9_5
    sourcerpm: gcc-11.5.0-5.el9_5.src.rpm
  - url: https://cdn-ubi.redhat.com/content/public/ubi/dist/ubi9/9/x86_64/appstream/os/Packages/g/gcc-11.5.0-5.el9_5.x86_64.rpm
    repoid: ubi-9-for-x86_64-appstream-rpms
    size: 34006000
    checksum: sha256:03c99bc1021dbe54dd93120ed6b5249bbb02dbd5da9e0dc5d8c4a21d674fb1fd
    name: gcc
    evr: 11.5.0-5.el9_5
    sourcerpm: gcc-11.5.0-5.el9_5.src.rpm
  - url: https://cdn-ubi.redhat.com/content/public/ubi/dist/ubi9/9/x86_64/appstream/os/Packages/g/glib2-devel-2.68.4-16.el9_6.2.x86_64.rpm
    repoid: ubi-9-for-x86_64-appstream-rpms
    size: 564035
    checksum: sha256:897dee53608cc9c524c6e4260007c2b868c3457180c6e5761ff8fa08dfd0fddb
    name: glib2-devel
    evr: 2.68.4-16.el9_6.2
    sourcerpm: glib2-2.68.4-16.el9_6.2.src.rpm
  - url: https://cdn-ubi.redhat.com/content/public/ubi/dist/ubi9/9/x86_64/appstream/os/Packages/g/glibc-devel-2.34-168.el9_6.23.x86_64.rpm
    repoid: ubi-9-for-x86_64-appstream-rpms
    size: 34295
    checksum: sha256:0fa11752abf8ee80658e10017c62f7c0301bcae4008e4716fe6f114a7b9e3977
    name: glibc-devel
    evr: 2.34-168.el9_6.23
    sourcerpm: glibc-2.34-168.el9_6.23.src.rpm
  - url: https://cdn-ubi.redhat.com/content/public/ubi/dist/ubi9/9/x86_64/appstream/os/Packages/g/glibc-headers-2.34-168.el9_6.23.x86_64.rpm
    repoid: ubi-9-for-x86_64-appstream-rpms
    size: 553222
    checksum: sha256:b090ce707af3eb4d6a20e57fe780502d363892ecaaa41bc1575e4c6c5912f2ab
    name: glibc-headers
    evr: 2.34-168.el9_6.23
    sourcerpm: glibc-2.34-168.el9_6.23.src.rpm
  - url: https://cdn-ubi.redhat.com/content/public/ubi/dist/ubi9/9/x86_64/appstream/os/Packages/g/golang-1.24.6-1.el9_6.x86_64.rpm
    repoid: ubi-9-for-x86_64-appstream-rpms
    size: 1320288
    checksum: sha256:021ed9aa7642e3d5f5998bb0d66e88b9e5ecc008ee5b997813001f9ea46682d4
    name: golang
    evr: 1.24.6-1.el9_6
    sourcerpm: golang-1.24.6-1.el9_6.src.rpm
  - url: https://cdn-ubi.redhat.com/content/public/ubi/dist/ubi9/9/x86_64/appstream/os/Packages/g/golang-bin-1.24.6-1.el9_6.x86_64.rpm
    repoid: ubi-9-for-x86_64-appstream-rpms
    size: 70005370
    checksum: sha256:deb2995c2dff71113ecf470d36154a4423042adbe66282f150f5acbae6908106
    name: golang-bin
    evr: 1.24.6-1.el9_6
    sourcerpm: golang-1.24.6-1.el9_6.src.rpm
  - url: https://cdn-ubi.redhat.com/content/public/ubi/dist/ubi9/9/x86_64/appstream/os/Packages/g/golang-race-1.24.6-1.el9_6.x86_64.rpm
    repoid: ubi-9-for-x86_64-appstream-rpms
    size: 1772207
    checksum: sha256:e3e07d1b006ccdf682849fbdf3ec839098580f1623e4bf65ef8c281d1d3360bc
    name: golang-race
    evr: 1.24.6-1.el9_6
    sourcerpm: golang-1.24.6-1.el9_6.src.rpm
  - url: https://cdn-ubi.redhat.com/content/public/ubi/dist/ubi9/9/x86_64/appstream/os/Packages/g/golang-src-1.24.6-1.el9_6.noarch.rpm
    repoid: ubi-9-for-x86_64-appstream-rpms
    size: 11747065
    checksum: sha256:055b955d4dfbcead30f3ae823918e8fbc7830f74f223faf739fb5109c1d1f03f
    name: golang-src
    evr: 1.24.6-1.el9_6
    sourcerpm: golang-1.24.6-1.el9_6.src.rpm
  - url: https://cdn-ubi.redhat.com/content/public/ubi/dist/ubi9/9/x86_64/appstream/os/Packages/k/kernel-headers-5.14.0-570.41.1.el9_6.x86_64.rpm
    repoid: ubi-9-for-x86_64-appstream-rpms
    size: 3712529
    checksum: sha256:ec235dce83509e9e285b83159fb60c35638abe7388947a5e130df7a7fb0ba780
    name: kernel-headers
    evr: 5.14.0-570.41.1.el9_6
    sourcerpm: kernel-5.14.0-570.41.1.el9_6.src.rpm
  - url: https://cdn-ubi.redhat.com/content/public/ubi/dist/ubi9/9/x86_64/appstream/os/Packages/l/libblkid-devel-2.37.4-21.el9.x86_64.rpm
    repoid: ubi-9-for-x86_64-appstream-rpms
    size: 18854
    checksum: sha256:f0bcbd0d6d96405d96e6a5326ec382d37133af36b6f8c491506b4e2e2785f702
    name: libblkid-devel
    evr: 2.37.4-21.el9
    sourcerpm: util-linux-2.37.4-21.el9.src.rpm
  - url: https://cdn-ubi.redhat.com/content/public/ubi/dist/ubi9/9/x86_64/appstream/os/Packages/l/libffi-devel-3.4.2-8.el9.x86_64.rpm
    repoid: ubi-9-for-x86_64-appstream-rpms
    size: 32520
    checksum: sha256:cd74ba2a4bac6b9f7df20e50915e0aeee6581dd815d3a388eb3f9c45565cef68
    name: libffi-devel
    evr: 3.4.2-8.el9
    sourcerpm: libffi-3.4.2-8.el9.src.rpm
  - url: https://cdn-ubi.redhat.com/content/public/ubi/dist/ubi9/9/x86_64/appstream/os/Packages/l/libgpg-error-devel-1.42-5.el9.x86_64.rpm
    repoid: ubi-9-for-x86_64-appstream-rpms
    size: 70899
    checksum: sha256:3bbaa1add2e083a43ce0cb9e1c1a35ad8a5e8f2f56280b8f1ab241194acc56d6
    name: libgpg-error-devel
    evr: 1.42-5.el9
    sourcerpm: libgpg-error-1.42-5.el9.src.rpm
  - url: https://cdn-ubi.redhat.com/content/public/ubi/dist/ubi9/9/x86_64/appstream/os/Packages/l/libmount-devel-2.37.4-21.el9.x86_64.rpm
    repoid: ubi-9-for-x86_64-appstream-rpms
    size: 19542
    checksum: sha256:b6cc197e511d7326496d6b4a14614b972bcd3e7170d7d5736073139891a775b5
    name: libmount-devel
    evr: 2.37.4-21.el9
    sourcerpm: util-linux-2.37.4-21.el9.src.rpm
  - url: https://cdn-ubi.redhat.com/content/public/ubi/dist/ubi9/9/x86_64/appstream/os/Packages/l/libmpc-1.2.1-4.el9.x86_64.rpm
    repoid: ubi-9-for-x86_64-appstream-rpms
    size: 66075
    checksum: sha256:b97b4e98c3c6f41dcfc2ceb4ffa1aba7a338b7cfd9e6c4f63e3160dd3cc033d3
    name: libmpc
    evr: 1.2.1-4.el9
    sourcerpm: libmpc-1.2.1-4.el9.src.rpm
  - url: https://cdn-ubi.redhat.com/content/public/ubi/dist/ubi9/9/x86_64/appstream/os/Packages/l/libselinux-devel-3.6-3.el9.x86_64.rpm
    repoid: ubi-9-for-x86_64-appstream-rpms
    size: 166987
    checksum: sha256:7a6edd1eea0907f10a43ca35b1d0845a72d25901c6fe037bb9cd0a7876c7c338
    name: libselinux-devel
    evr: 3.6-3.el9
    sourcerpm: libselinux-3.6-3.el9.src.rpm
  - url: https://cdn-ubi.redhat.com/content/public/ubi/dist/ubi9/9/x86_64/appstream/os/Packages/l/libsepol-devel-3.6-2.el9.x86_64.rpm
    repoid: ubi-9-for-x86_64-appstream-rpms
    size: 52367
    checksum: sha256:b6cfec402cd97f7e70fb2b25d3ab36666e358c55ca93bde27eaf7bee15186ff0
    name: libsepol-devel
    evr: 3.6-2.el9
    sourcerpm: libsepol-3.6-2.el9.src.rpm
  - url: https://cdn-ubi.redhat.com/content/public/ubi/dist/ubi9/9/x86_64/appstream/os/Packages/l/libxcrypt-devel-4.4.18-3.el9.x86_64.rpm
    repoid: ubi-9-for-x86_64-appstream-rpms
    size: 33101
    checksum: sha256:c1d171391a7d2e043a6953efd3df3e01edc9b4c6cdb54517e1608d204a5fce18
    name: libxcrypt-devel
    evr: 4.4.18-3.el9
    sourcerpm: libxcrypt-4.4.18-3.el9.src.rpm
  - url: https://cdn-ubi.redhat.com/content/public/ubi/dist/ubi9/9/x86_64/appstream/os/Packages/o/openssl-devel-3.2.2-6.el9_5.1.x86_64.rpm
    repoid: ubi-9-for-x86_64-appstream-rpms
    size: 4650823
    checksum: sha256:30cd1b3dec089a7da71e9167532693bef7c202a5dbe3c010af2a9387106a0b36
    name: openssl-devel
    evr: 1:3.2.2-6.el9_5.1
    sourcerpm: openssl-3.2.2-6.el9_5.1.src.rpm
  - url: https://cdn-ubi.redhat.com/content/public/ubi/dist/ubi9/9/x86_64/appstream/os/Packages/p/pcre-cpp-8.44-4.el9.x86_64.rpm
    repoid: ubi-9-for-x86_64-appstream-rpms
    size: 27327
    checksum: sha256:8d627da32ee74ce4855162c6b592d1693084645d078ca3c229af138dd9da5f2a
    name: pcre-cpp
    evr: 8.44-4.el9
    sourcerpm: pcre-8.44-4.el9.src.rpm
  - url: https://cdn-ubi.redhat.com/content/public/ubi/dist/ubi9/9/x86_64/appstream/os/Packages/p/pcre-devel-8.44-4.el9.x86_64.rpm
    repoid: ubi-9-for-x86_64-appstream-rpms
    size: 522466
    checksum: sha256:9e164aa48810dbdf2d8373dfaccdccf7a51c78c75a2c459074d41e661aa6a665
    name: pcre-devel
    evr: 8.44-4.el9
    sourcerpm: pcre-8.44-4.el9.src.rpm
  - url: https://cdn-ubi.redhat.com/content/public/ubi/dist/ubi9/9/x86_64/appstream/os/Packages/p/pcre-utf16-8.44-4.el9.x86_64.rpm
    repoid: ubi-9-for-x86_64-appstream-rpms
    size: 190856
    checksum: sha256:bab46d49557b6f8a20e1c367e22bf9c7a6b802e97e6acb506ccb1fd5c06debe3
    name: pcre-utf16
    evr: 8.44-4.el9
    sourcerpm: pcre-8.44-4.el9.src.rpm
  - url: https://cdn-ubi.redhat.com/content/public/ubi/dist/ubi9/9/x86_64/appstream/os/Packages/p/pcre-utf32-8.44-4.el9.x86_64.rpm
    repoid: ubi-9-for-x86_64-appstream-rpms
    size: 181048
    checksum: sha256:1c9aad468e260629903304f29bac36faddb3960e67dc543502c4ec7900d84f01
    name: pcre-utf32
    evr: 8.44-4.el9
    sourcerpm: pcre-8.44-4.el9.src.rpm
  - url: https://cdn-ubi.redhat.com/content/public/ubi/dist/ubi9/9/x86_64/appstream/os/Packages/p/pcre2-devel-10.40-6.el9.x86_64.rpm
    repoid: ubi-9-for-x86_64-appstream-rpms
    size: 528624
    checksum: sha256:f2fa0c49019f12b9c01986c1d05ffc83863ac7b47b8e348d6357e7fbdf3b17e3
    name: pcre2-devel
    evr: 10.40-6.el9
    sourcerpm: pcre2-10.40-6.el9.src.rpm
  - url: https://cdn-ubi.redhat.com/content/public/ubi/dist/ubi9/9/x86_64/appstream/os/Packages/p/pcre2-utf16-10.40-6.el9.x86_64.rpm
    repoid: ubi-9-for-x86_64-appstream-rpms
    size: 220256
    checksum: sha256:935664188bce50473e3c148fc9d71167d3881fc2de9ccc99394c03d00e8ff5b3
    name: pcre2-utf16
    evr: 10.40-6.el9
    sourcerpm: pcre2-10.40-6.el9.src.rpm
  - url: https://cdn-ubi.redhat.com/content/public/ubi/dist/ubi9/9/x86_64/appstream/os/Packages/p/pcre2-utf32-10.40-6.el9.x86_64.rpm
    repoid: ubi-9-for-x86_64-appstream-rpms
    size: 209174
    checksum: sha256:d50fc56a1e9710b3374826c82044d4624b6c5949db0178d5774f575a5fcd6934
    name: pcre2-utf32
    evr: 10.40-6.el9
    sourcerpm: pcre2-10.40-6.el9.src.rpm
  - url: https://cdn-ubi.redhat.com/content/public/ubi/dist/ubi9/9/x86_64/appstream/os/Packages/s/sysprof-capture-devel-3.40.1-3.el9.x86_64.rpm
    repoid: ubi-9-for-x86_64-appstream-rpms
    size: 65413
    checksum: sha256:3006309779a18bde4fff7e633881218284a46584e4d529a14fbbc4bc0683ebae
    name: sysprof-capture-devel
    evr: 3.40.1-3.el9
    sourcerpm: sysprof-3.40.1-3.el9.src.rpm
  - url: https://cdn-ubi.redhat.com/content/public/ubi/dist/ubi9/9/x86_64/appstream/os/Packages/z/zlib-devel-1.2.11-40.el9.x86_64.rpm
    repoid: ubi-9-for-x86_64-appstream-rpms
    size: 48017
    checksum: sha256:9775022716a2b6dd51d151a40aa4a6bcb466edeb01b747f48072703e509be097
    name: zlib-devel
    evr: 1.2.11-40.el9
    sourcerpm: zlib-1.2.11-40.el9.src.rpm
  - url: https://cdn-ubi.redhat.com/content/public/ubi/dist/ubi9/9/x86_64/baseos/os/Packages/b/binutils-2.35.2-63.el9.x86_64.rpm
    repoid: ubi-9-for-x86_64-baseos-rpms
    size: 4818636
    checksum: sha256:4eb918b63dee7daf32117df2e3fcb02ad4ba3d96cb25677cf55315deceb7e22a
    name: binutils
    evr: 2.35.2-63.el9
    sourcerpm: binutils-2.35.2-63.el9.src.rpm
  - url: https://cdn-ubi.redhat.com/content/public/ubi/dist/ubi9/9/x86_64/baseos/os/Packages/b/binutils-gold-2.35.2-63.el9.x86_64.rpm
    repoid: ubi-9-for-x86_64-baseos-rpms
    size: 753176
    checksum: sha256:339d9bb2dc0e41c4756f1a4f82e82f6654818b72de74f1f0377c76277617352b
    name: binutils-gold
    evr: 2.35.2-63.el9
    sourcerpm: binutils-2.35.2-63.el9.src.rpm
  - url: https://cdn-ubi.redhat.com/content/public/ubi/dist/ubi9/9/x86_64/baseos/os/Packages/d/diffutils-3.7-12.el9.x86_64.rpm
    repoid: ubi-9-for-x86_64-baseos-rpms
    size: 411559
    checksum: sha256:2d4c4fdfc10215af3c957c24995b79a26e27e6d76de4ed1f5198d25bf7ef9671
    name: diffutils
    evr: 3.7-12.el9
    sourcerpm: diffutils-3.7-12.el9.src.rpm
  - url: https://cdn-ubi.redhat.com/content/public/ubi/dist/ubi9/9/x86_64/baseos/os/Packages/e/elfutils-debuginfod-client-0.192-6.el9_6.x86_64.rpm
    repoid: ubi-9-for-x86_64-baseos-rpms
    size: 47122
    checksum: sha256:0fcab0370abc33e8df4686dad91ff390dd6dd3437b601c3911efd83ec7603168
    name: elfutils-debuginfod-client
    evr: 0.192-6.el9_6
    sourcerpm: elfutils-0.192-6.el9_6.src.rpm
  - url: https://cdn-ubi.redhat.com/content/public/ubi/dist/ubi9/9/x86_64/baseos/os/Packages/e/elfutils-libelf-0.192-6.el9_6.x86_64.rpm
    repoid: ubi-9-for-x86_64-baseos-rpms
    size: 212613
    checksum: sha256:9c9e2bc6ea19cda24a73f95ef9f439d61fd4480ae1889ac7e0730ee67432fd64
    name: elfutils-libelf
    evr: 0.192-6.el9_6
    sourcerpm: elfutils-0.192-6.el9_6.src.rpm
  - url: https://cdn-ubi.redhat.com/content/public/ubi/dist/ubi9/9/x86_64/baseos/os/Packages/e/elfutils-libs-0.192-6.el9_6.x86_64.rpm
    repoid: ubi-9-for-x86_64-baseos-rpms
    size: 269588
    checksum: sha256:8071e26f2c44c4941dec0ed2296ec79485f9276f4abaa9464da2d1e625ddd31e
    name: elfutils-libs
    evr: 0.192-6.el9_6
    sourcerpm: elfutils-0.192-6.el9_6.src.rpm
  - url: https://cdn-ubi.redhat.com/content/public/ubi/dist/ubi9/9/x86_64/baseos/os/Packages/g/glib2-2.68.4-16.el9_6.2.x86_64.rpm
    repoid: ubi-9-for-x86_64-baseos-rpms
    size: 2768048
    checksum: sha256:d26a50957c5e965b44ffd39c6df5f8561cf13aaaa2bba5138d38e6c69b525083
    name: glib2
    evr: 2.68.4-16.el9_6.2
    sourcerpm: glib2-2.68.4-16.el9_6.2.src.rpm
  - url: https://cdn-ubi.redhat.com/content/public/ubi/dist/ubi9/9/x86_64/baseos/os/Packages/g/glibc-2.34-168.el9_6.23.x86_64.rpm
    repoid: ubi-9-for-x86_64-baseos-rpms
    size: 2052524
    checksum: sha256:47a7eaa890012f8de224fa8e1f553030200f38ef7c5aab9b236d34cc4f0e1deb
    name: glibc
    evr: 2.34-168.el9_6.23
    sourcerpm: glibc-2.34-168.el9_6.23.src.rpm
  - url: https://cdn-ubi.redhat.com/content/public/ubi/dist/ubi9/9/x86_64/baseos/os/Packages/g/glibc-common-2.34-168.el9_6.23.x86_64.rpm
    repoid: ubi-9-for-x86_64-baseos-rpms
    size: 310131
    checksum: sha256:9e6bfff5d0b0533b1037be4fc6bc6b9cd7dd73c55adecfa3edcda02190f1e7da
    name: glibc-common
    evr: 2.34-168.el9_6.23
    sourcerpm: glibc-2.34-168.el9_6.23.src.rpm
  - url: https://cdn-ubi.redhat.com/content/public/ubi/dist/ubi9/9/x86_64/baseos/os/Packages/g/glibc-langpack-en-2.34-168.el9_6.23.x86_64.rpm
    repoid: ubi-9-for-x86_64-baseos-rpms
    size: 672229
    checksum: sha256:1c8fd029085d95ef17fb60675ec638024078bede2fb28656835131c7f42c214d
    name: glibc-langpack-en
    evr: 2.34-168.el9_6.23
    sourcerpm: glibc-2.34-168.el9_6.23.src.rpm
  - url: https://cdn-ubi.redhat.com/content/public/ubi/dist/ubi9/9/x86_64/baseos/os/Packages/g/glibc-minimal-langpack-2.34-168.el9_6.23.x86_64.rpm
    repoid: ubi-9-for-x86_64-baseos-rpms
    size: 18705
    checksum: sha256:77f381d7fac07303eca760d0d1e51bf417d8b2ad61d5b121d85d25e546cfbff3
    name: glibc-minimal-langpack
    evr: 2.34-168.el9_6.23
    sourcerpm: glibc-2.34-168.el9_6.23.src.rpm
  - url: https://cdn-ubi.redhat.com/content/public/ubi/dist/ubi9/9/x86_64/baseos/os/Packages/l/libblkid-2.37.4-21.el9.x86_64.rpm
    repoid: ubi-9-for-x86_64-baseos-rpms
    size: 111211
    checksum: sha256:d3cb190d20c5bdf24fff25acb78fd2bb5026efb86b3b8d51c35362c16e7563a1
    name: libblkid
    evr: 2.37.4-21.el9
    sourcerpm: util-linux-2.37.4-21.el9.src.rpm
  - url: https://cdn-ubi.redhat.com/content/public/ubi/dist/ubi9/9/x86_64/baseos/os/Packages/l/libfdisk-2.37.4-21.el9.x86_64.rpm
    repoid: ubi-9-for-x86_64-baseos-rpms
    size: 159417
    checksum: sha256:81c7676b72b85d8b5822888c510952ec0996b3d89bf8cddaf76dba31bc72a4a1
    name: libfdisk
    evr: 2.37.4-21.el9
    sourcerpm: util-linux-2.37.4-21.el9.src.rpm
  - url: https://cdn-ubi.redhat.com/content/public/ubi/dist/ubi9/9/x86_64/baseos/os/Packages/l/libmount-2.37.4-21.el9.x86_64.rpm
    repoid: ubi-9-for-x86_64-baseos-rpms
    size: 139470
    checksum: sha256:49b2b2a02d276281bc02907b1d5431fd07ac200d47e621a41ca5169d30537442
    name: libmount
    evr: 2.37.4-21.el9
    sourcerpm: util-linux-2.37.4-21.el9.src.rpm
  - url: https://cdn-ubi.redhat.com/content/public/ubi/dist/ubi9/9/x86_64/baseos/os/Packages/l/libpkgconf-1.7.3-10.el9.x86_64.rpm
    repoid: ubi-9-for-x86_64-baseos-rpms
    size: 38387
    checksum: sha256:4feae5941b73640bd86b8d506a657cac5b770043db1464fbcd207721b2159dda
    name: libpkgconf
    evr: 1.7.3-10.el9
    sourcerpm: pkgconf-1.7.3-10.el9.src.rpm
  - url: https://cdn-ubi.redhat.com/content/public/ubi/dist/ubi9/9/x86_64/baseos/os/Packages/l/libselinux-3.6-3.el9.x86_64.rpm
    repoid: ubi-9-for-x86_64-baseos-rpms
    size: 89722
    checksum: sha256:ce1cc63a7212c39f5f2a35f719ee38d6418cf081ea78c9317f388d9f41e4a627
    name: libselinux
    evr: 3.6-3.el9
    sourcerpm: libselinux-3.6-3.el9.src.rpm
  - url: https://cdn-ubi.redhat.com/content/public/ubi/dist/ubi9/9/x86_64/baseos/os/Packages/l/libsepol-3.6-2.el9.x86_64.rpm
    repoid: ubi-9-for-x86_64-baseos-rpms
    size: 339134
    checksum: sha256:7bdec83a13ff92144024d44c8179fc083e5581afa710829a9dccd7895233d1f2
    name: libsepol
    evr: 3.6-2.el9
    sourcerpm: libsepol-3.6-2.el9.src.rpm
  - url: https://cdn-ubi.redhat.com/content/public/ubi/dist/ubi9/9/x86_64/baseos/os/Packages/l/libsmartcols-2.37.4-21.el9.x86_64.rpm
    repoid: ubi-9-for-x86_64-baseos-rpms
    size: 66253
    checksum: sha256:bdf30ad7ecb50b5a883fb55b21074b7ae8a8273dfba84f81401d10917bcdac4b
    name: libsmartcols
    evr: 2.37.4-21.el9
    sourcerpm: util-linux-2.37.4-21.el9.src.rpm
  - url: https://cdn-ubi.redhat.com/content/public/ubi/dist/ubi9/9/x86_64/baseos/os/Packages/l/libuuid-2.37.4-21.el9.x86_64.rpm
    repoid: ubi-9-for-x86_64-baseos-rpms
    size: 30462
    checksum: sha256:04d74d33e9582ba723061d06f972118fdb4867d307164f61ea4778f7fa67aed7
    name: libuuid
    evr: 2.37.4-21.el9
    sourcerpm: util-linux-2.37.4-21.el9.src.rpm
  - url: https://cdn-ubi.redhat.com/content/public/ubi/dist/ubi9/9/x86_64/baseos/os/Packages/m/make-4.3-8.el9.x86_64.rpm
    repoid: ubi-9-for-x86_64-baseos-rpms
    size: 553896
    checksum: sha256:561f0c2251e9217c81a6c88de4d2d9231a039aaab37e8a0d2559d36ce9fa85fd
    name: make
    evr: 1:4.3-8.el9
    sourcerpm: make-4.3-8.el9.src.rpm
  - url: https://cdn-ubi.redhat.com/content/public/ubi/dist/ubi9/9/x86_64/baseos/os/Packages/p/pkgconf-1.7.3-10.el9.x86_64.rpm
    repoid: ubi-9-for-x86_64-baseos-rpms
    size: 45675
    checksum: sha256:bb47b4ecc499c308f41031a99e723827d152d5d750f59849d0c265d820944a26
    name: pkgconf
    evr: 1.7.3-10.el9
    sourcerpm: pkgconf-1.7.3-10.el9.src.rpm
  - url: https://cdn-ubi.redhat.com/content/public/ubi/dist/ubi9/9/x86_64/baseos/os/Packages/p/pkgconf-m4-1.7.3-10.el9.noarch.rpm
    repoid: ubi-9-for-x86_64-baseos-rpms
    size: 16054
    checksum: sha256:91bafd6e06099451f60288327b275cfcc651822f6145176a157c6b0fa5131e02
    name: pkgconf-m4
    evr: 1.7.3-10.el9
    sourcerpm: pkgconf-1.7.3-10.el9.src.rpm
  - url: https://cdn-ubi.redhat.com/content/public/ubi/dist/ubi9/9/x86_64/baseos/os/Packages/p/pkgconf-pkg-config-1.7.3-10.el9.x86_64.rpm
    repoid: ubi-9-for-x86_64-baseos-rpms
    size: 12438
    checksum: sha256:9a502d81d73d3303ceb53a06ad7ce525c97117ea64352174a33708bf3429283d
    name: pkgconf-pkg-config
    evr: 1.7.3-10.el9
    sourcerpm: pkgconf-1.7.3-10.el9.src.rpm
  - url: https://cdn-ubi.redhat.com/content/public/ubi/dist/ubi9/9/x86_64/baseos/os/Packages/u/util-linux-2.37.4-21.el9.x86_64.rpm
    repoid: ubi-9-for-x86_64-baseos-rpms
    size: 2395065
    checksum: sha256:61c795084ae4b7745b904347d4643110cd62558fce2978bd4f025ff83524e55f
    name: util-linux
    evr: 2.37.4-21.el9
    sourcerpm: util-linux-2.37.4-21.el9.src.rpm
  - url: https://cdn-ubi.redhat.com/content/public/ubi/dist/ubi9/9/x86_64/baseos/os/Packages/u/util-linux-core-2.37.4-21.el9.x86_64.rpm
    repoid: ubi-9-for-x86_64-baseos-rpms
    size: 480619
    checksum: sha256:36389814fcec56d9b9d4bd1a4a63efb1cefa00bc8bacab73f89ef8f8be04b1cd
    name: util-linux-core
    evr: 2.37.4-21.el9
    sourcerpm: util-linux-2.37.4-21.el9.src.rpm
  - url: https://cdn-ubi.redhat.com/content/public/ubi/dist/ubi9/9/x86_64/codeready-builder/os/Packages/g/gpgme-devel-1.15.1-6.el9.x86_64.rpm
    repoid: codeready-builder-for-ubi-9-x86_64
    size: 170873
    checksum: sha256:864381afbdbdcf4a625a14643b5775a5b9b6b0724c342cd743a2dc350aedddd2
    name: gpgme-devel
    evr: 1.15.1-6.el9
    sourcerpm: gpgme-1.15.1-6.el9.src.rpm
  - url: https://cdn-ubi.redhat.com/content/public/ubi/dist/ubi9/9/x86_64/codeready-builder/os/Packages/l/libassuan-devel-2.5.5-3.el9.x86_64.rpm
    repoid: codeready-builder-for-ubi-9-x86_64
    size: 66633
    checksum: sha256:232bccdb2c45f2ceafae2fa138c18d6aba5c953d9eee0aab2f8fc078b9b4b4a4
    name: libassuan-devel
    evr: 2.5.5-3.el9
    sourcerpm: libassuan-2.5.5-3.el9.src.rpm
  source: []
  module_metadata: []
