---
lockfileVersion: 1
lockfileVendor: redhat
arches:
- arch: x86_64
  packages:
  - url: https://cdn-ubi.redhat.com/content/public/ubi/dist/ubi9/9/x86_64/appstream/os/Packages/c/cpp-11.5.0-11.el9.x86_64.rpm
    repoid: ubi-9-for-x86_64-appstream-rpms
    size: 11224872
    checksum: sha256:421a6f9e65d57c0b34128d7c5712c6617d87f7fc2fa896feb291f01aede6c4d2
    name: cpp
    evr: 11.5.0-11.el9
    sourcerpm: gcc-11.5.0-11.el9.src.rpm
  - url: https://cdn-ubi.redhat.com/content/public/ubi/dist/ubi9/9/x86_64/appstream/os/Packages/g/gcc-11.5.0-11.el9.x86_64.rpm
    repoid: ubi-9-for-x86_64-appstream-rpms
    size: 33986019
    checksum: sha256:9d6a29987112382e29640de757c7d6360b5742e8bded1696b335b5e98898acb9
    name: gcc
    evr: 11.5.0-11.el9
    sourcerpm: gcc-11.5.0-11.el9.src.rpm
  - url: https://cdn-ubi.redhat.com/content/public/ubi/dist/ubi9/9/x86_64/appstream/os/Packages/g/glib2-devel-2.68.4-18.el9_7.x86_64.rpm
    repoid: ubi-9-for-x86_64-appstream-rpms
    size: 562955
    checksum: sha256:a92921a6541a470f8ee54756affdc99efc46f53b55a894f3ed1a13bd3953f819
    name: glib2-devel
    evr: 2.68.4-18.el9_7
    sourcerpm: glib2-2.68.4-18.el9_7.src.rpm
  - url: https://cdn-ubi.redhat.com/content/public/ubi/dist/ubi9/9/x86_64/appstream/os/Packages/g/glibc-devel-2.34-231.el9_7.2.x86_64.rpm
    repoid: ubi-9-for-x86_64-appstream-rpms
    size: 37885
    checksum: sha256:6468a64e723d9fff4921fe05b8b5117b19277999053b20d67416f727b2b8d3dd
    name: glibc-devel
    evr: 2.34-231.el9_7.2
    sourcerpm: glibc-2.34-231.el9_7.2.src.rpm
  - url: https://cdn-ubi.redhat.com/content/public/ubi/dist/ubi9/9/x86_64/appstream/os/Packages/g/glibc-headers-2.34-231.el9_7.2.x86_64.rpm
    repoid: ubi-9-for-x86_64-appstream-rpms
    size: 558293
    checksum: sha256:f4405218c4527e240f0739ba1b63e8a653e74ef48e960c0e164da55eec8c51dc
    name: glibc-headers
    evr: 2.34-231.el9_7.2
    sourcerpm: glibc-2.34-231.el9_7.2.src.rpm
  - url: https://cdn-ubi.redhat.com/content/public/ubi/dist/ubi9/9/x86_64/appstream/os/Packages/g/golang-1.25.3-1.el9_7.x86_64.rpm
    repoid: ubi-9-for-x86_64-appstream-rpms
    size: 1317562
    checksum: sha256:3d3e9e1af48e8eaec687d297cce493172c345a4d5c2b311fd856e21c6624a586
    name: golang
    evr: 1.25.3-1.el9_7
    sourcerpm: golang-1.25.3-1.el9_7.src.rpm
  - url: https://cdn-ubi.redhat.com/content/public/ubi/dist/ubi9/9/x86_64/appstream/os/Packages/g/golang-bin-1.25.3-1.el9_7.x86_64.rpm
    repoid: ubi-9-for-x86_64-appstream-rpms
    size: 38244723
    checksum: sha256:060fe05a2bf0fde30457fbedc53febeb838b50eed29a6a49431c831b1b9b851f
    name: golang-bin
    evr: 1.25.3-1.el9_7
    sourcerpm: golang-1.25.3-1.el9_7.src.rpm
  - url: https://cdn-ubi.redhat.com/content/public/ubi/dist/ubi9/9/x86_64/appstream/os/Packages/g/golang-race-1.25.3-1.el9_7.x86_64.rpm
    repoid: ubi-9-for-x86_64-appstream-rpms
    size: 1765737
    checksum: sha256:b66b498bd78cd4e7595a64149634440610c3757e366f15d79e4488b93664b2df
    name: golang-race
    evr: 1.25.3-1.el9_7
    sourcerpm: golang-1.25.3-1.el9_7.src.rpm
  - url: https://cdn-ubi.redhat.com/content/public/ubi/dist/ubi9/9/x86_64/appstream/os/Packages/g/golang-src-1.25.3-1.el9_7.noarch.rpm
    repoid: ubi-9-for-x86_64-appstream-rpms
    size: 12167885
    checksum: sha256:662aa18653693cdfc25633dcb5ca0e0b5f9f9a9e3bf749387bdf975cd4694c29
    name: golang-src
    evr: 1.25.3-1.el9_7
    sourcerpm: golang-1.25.3-1.el9_7.src.rpm
  - url: https://cdn-ubi.redhat.com/content/public/ubi/dist/ubi9/9/x86_64/appstream/os/Packages/k/kernel-headers-5.14.0-611.16.1.el9_7.x86_64.rpm
    repoid: ubi-9-for-x86_64-appstream-rpms
    size: 2993337
    checksum: sha256:3b3c3dd0e7e442f8d44d33e9c8c5d2989045626b53977de2c28ff174b3b26c5b
    name: kernel-headers
    evr: 5.14.0-611.16.1.el9_7
    sourcerpm: kernel-5.14.0-611.16.1.el9_7.src.rpm
  - url: https://cdn-ubi.redhat.com/content/public/ubi/dist/ubi9/9/x86_64/appstream/os/Packages/l/libblkid-devel-2.37.4-21.el9.x86_64.rpm
    repoid: ubi-9-for-x86_64-appstream-rpms
    size: 18854
    checksum: sha256:f0bcbd0d6d96405d96e6a5326ec382d37133af36b6f8c491506b4e2e2785f702
    name: libblkid-devel
    evr: 2.37.4-21.el9
    sourcerpm: util-linux-2.37.4-21.el9.src.rpm
  - url: https://cdn-ubi.redhat.com/content/public/ubi/dist/ubi9/9/x86_64/appstream/os/Packages/l/libffi-devel-3.4.2-8.el9.x86_64.rpm
    repoid: ubi-9-for-x86_64-appstream-rpms
    size: 32520
    checksum: sha256:cd74ba2a4bac6b9f7df20e50915e0aeee6581dd815d3a388eb3f9c45565cef68
    name: libffi-devel
    evr: 3.4.2-8.el9
    sourcerpm: libffi-3.4.2-8.el9.src.rpm
  - url: https://cdn-ubi.redhat.com/content/public/ubi/dist/ubi9/9/x86_64/appstream/os/Packages/l/libgpg-error-devel-1.42-5.el9.x86_64.rpm
    repoid: ubi-9-for-x86_64-appstream-rpms
    size: 70899
    checksum: sha256:3bbaa1add2e083a43ce0cb9e1c1a35ad8a5e8f2f56280b8f1ab241194acc56d6
    name: libgpg-error-devel
    evr: 1.42-5.el9
    sourcerpm: libgpg-error-1.42-5.el9.src.rpm
  - url: https://cdn-ubi.redhat.com/content/public/ubi/dist/ubi9/9/x86_64/appstream/os/Packages/l/libmount-devel-2.37.4-21.el9.x86_64.rpm
    repoid: ubi-9-for-x86_64-appstream-rpms
    size: 19542
    checksum: sha256:b6cc197e511d7326496d6b4a14614b972bcd3e7170d7d5736073139891a775b5
    name: libmount-devel
    evr: 2.37.4-21.el9
    sourcerpm: util-linux-2.37.4-21.el9.src.rpm
  - url: https://cdn-ubi.redhat.com/content/public/ubi/dist/ubi9/9/x86_64/appstream/os/Packages/l/libmpc-1.2.1-4.el9.x86_64.rpm
    repoid: ubi-9-for-x86_64-appstream-rpms
    size: 66075
    checksum: sha256:b97b4e98c3c6f41dcfc2ceb4ffa1aba7a338b7cfd9e6c4f63e3160dd3cc033d3
    name: libmpc
    evr: 1.2.1-4.el9
    sourcerpm: libmpc-1.2.1-4.el9.src.rpm
  - url: https://cdn-ubi.redhat.com/content/public/ubi/dist/ubi9/9/x86_64/appstream/os/Packages/l/libselinux-devel-3.6-3.el9.x86_64.rpm
    repoid: ubi-9-for-x86_64-appstream-rpms
    size: 166987
    checksum: sha256:7a6edd1eea0907f10a43ca35b1d0845a72d25901c6fe037bb9cd0a7876c7c338
    name: libselinux-devel
    evr: 3.6-3.el9
    sourcerpm: libselinux-3.6-3.el9.src.rpm
  - url: https://cdn-ubi.redhat.com/content/public/ubi/dist/ubi9/9/x86_64/appstream/os/Packages/l/libsepol-devel-3.6-3.el9.x86_64.rpm
    repoid: ubi-9-for-x86_64-appstream-rpms
    size: 52271
    checksum: sha256:9706feb22f9a935b86ce91833637dd8cb567f379c008fc63dd070fdd6ce75036
    name: libsepol-devel
    evr: 3.6-3.el9
    sourcerpm: libsepol-3.6-3.el9.src.rpm
  - url: https://cdn-ubi.redhat.com/content/public/ubi/dist/ubi9/9/x86_64/appstream/os/Packages/l/libxcrypt-devel-4.4.18-3.el9.x86_64.rpm
    repoid: ubi-9-for-x86_64-appstream-rpms
    size: 33101
    checksum: sha256:c1d171391a7d2e043a6953efd3df3e01edc9b4c6cdb54517e1608d204a5fce18
    name: libxcrypt-devel
    evr: 4.4.18-3.el9
    sourcerpm: libxcrypt-4.4.18-3.el9.src.rpm
  - url: https://cdn-ubi.redhat.com/content/public/ubi/dist/ubi9/9/x86_64/appstream/os/Packages/o/openssl-devel-3.5.1-5.el9_7.x86_64.rpm
    repoid: ubi-9-for-x86_64-appstream-rpms
    size: 5002144
    checksum: sha256:222304fa50c4cf6d78e6a2c48c06ea3febec2ff34d7df2521b9da3b24012d40a
    name: openssl-devel
    evr: 1:3.5.1-5.el9_7
    sourcerpm: openssl-3.5.1-5.el9_7.src.rpm
  - url: https://cdn-ubi.redhat.com/content/public/ubi/dist/ubi9/9/x86_64/appstream/os/Packages/p/pcre-cpp-8.44-4.el9.x86_64.rpm
    repoid: ubi-9-for-x86_64-appstream-rpms
    size: 27327
    checksum: sha256:8d627da32ee74ce4855162c6b592d1693084645d078ca3c229af138dd9da5f2a
    name: pcre-cpp
    evr: 8.44-4.el9
    sourcerpm: pcre-8.44-4.el9.src.rpm
  - url: https://cdn-ubi.redhat.com/content/public/ubi/dist/ubi9/9/x86_64/appstream/os/Packages/p/pcre-devel-8.44-4.el9.x86_64.rpm
    repoid: ubi-9-for-x86_64-appstream-rpms
    size: 522466
    checksum: sha256:9e164aa48810dbdf2d8373dfaccdccf7a51c78c75a2c459074d41e661aa6a665
    name: pcre-devel
    evr: 8.44-4.el9
    sourcerpm: pcre-8.44-4.el9.src.rpm
  - url: https://cdn-ubi.redhat.com/content/public/ubi/dist/ubi9/9/x86_64/appstream/os/Packages/p/pcre-utf16-8.44-4.el9.x86_64.rpm
    repoid: ubi-9-for-x86_64-appstream-rpms
    size: 190856
    checksum: sha256:bab46d49557b6f8a20e1c367e22bf9c7a6b802e97e6acb506ccb1fd5c06debe3
    name: pcre-utf16
    evr: 8.44-4.el9
    sourcerpm: pcre-8.44-4.el9.src.rpm
  - url: https://cdn-ubi.redhat.com/content/public/ubi/dist/ubi9/9/x86_64/appstream/os/Packages/p/pcre-utf32-8.44-4.el9.x86_64.rpm
    repoid: ubi-9-for-x86_64-appstream-rpms
    size: 181048
    checksum: sha256:1c9aad468e260629903304f29bac36faddb3960e67dc543502c4ec7900d84f01
    name: pcre-utf32
    evr: 8.44-4.el9
    sourcerpm: pcre-8.44-4.el9.src.rpm
  - url: https://cdn-ubi.redhat.com/content/public/ubi/dist/ubi9/9/x86_64/appstream/os/Packages/p/pcre2-devel-10.40-6.el9.x86_64.rpm
    repoid: ubi-9-for-x86_64-appstream-rpms
    size: 528624
    checksum: sha256:f2fa0c49019f12b9c01986c1d05ffc83863ac7b47b8e348d6357e7fbdf3b17e3
    name: pcre2-devel
    evr: 10.40-6.el9
    sourcerpm: pcre2-10.40-6.el9.src.rpm
  - url: https://cdn-ubi.redhat.com/content/public/ubi/dist/ubi9/9/x86_64/appstream/os/Packages/p/pcre2-utf16-10.40-6.el9.x86_64.rpm
    repoid: ubi-9-for-x86_64-appstream-rpms
    size: 220256
    checksum: sha256:935664188bce50473e3c148fc9d71167d3881fc2de9ccc99394c03d00e8ff5b3
    name: pcre2-utf16
    evr: 10.40-6.el9
    sourcerpm: pcre2-10.40-6.el9.src.rpm
  - url: https://cdn-ubi.redhat.com/content/public/ubi/dist/ubi9/9/x86_64/appstream/os/Packages/p/pcre2-utf32-10.40-6.el9.x86_64.rpm
    repoid: ubi-9-for-x86_64-appstream-rpms
    size: 209174
    checksum: sha256:d50fc56a1e9710b3374826c82044d4624b6c5949db0178d5774f575a5fcd6934
    name: pcre2-utf32
    evr: 10.40-6.el9
    sourcerpm: pcre2-10.40-6.el9.src.rpm
  - url: https://cdn-ubi.redhat.com/content/public/ubi/dist/ubi9/9/x86_64/appstream/os/Packages/s/sysprof-capture-devel-3.40.1-3.el9.x86_64.rpm
    repoid: ubi-9-for-x86_64-appstream-rpms
    size: 65413
    checksum: sha256:3006309779a18bde4fff7e633881218284a46584e4d529a14fbbc4bc0683ebae
    name: sysprof-capture-devel
    evr: 3.40.1-3.el9
    sourcerpm: sysprof-3.40.1-3.el9.src.rpm
  - url: https://cdn-ubi.redhat.com/content/public/ubi/dist/ubi9/9/x86_64/appstream/os/Packages/z/zlib-devel-1.2.11-40.el9.x86_64.rpm
    repoid: ubi-9-for-x86_64-appstream-rpms
    size: 48017
    checksum: sha256:9775022716a2b6dd51d151a40aa4a6bcb466edeb01b747f48072703e509be097
    name: zlib-devel
    evr: 1.2.11-40.el9
    sourcerpm: zlib-1.2.11-40.el9.src.rpm
  - url: https://cdn-ubi.redhat.com/content/public/ubi/dist/ubi9/9/x86_64/baseos/os/Packages/b/binutils-2.35.2-67.el9_7.1.x86_64.rpm
    repoid: ubi-9-for-x86_64-baseos-rpms
    size: 4813551
    checksum: sha256:1e7ccdae7390ee9323971fef398e41687eb39ca06242ca1ab673ed8b31e99184
    name: binutils
    evr: 2.35.2-67.el9_7.1
    sourcerpm: binutils-2.35.2-67.el9_7.1.src.rpm
  - url: https://cdn-ubi.redhat.com/content/public/ubi/dist/ubi9/9/x86_64/baseos/os/Packages/b/binutils-gold-2.35.2-67.el9_7.1.x86_64.rpm
    repoid: ubi-9-for-x86_64-baseos-rpms
    size: 751923
    checksum: sha256:9dbb88e0bacb4985c5ae21b002fc2a2b2ad316ad3d8bd18e5f5a79729e92e9ee
    name: binutils-gold
    evr: 2.35.2-67.el9_7.1
    sourcerpm: binutils-2.35.2-67.el9_7.1.src.rpm
  - url: https://cdn-ubi.redhat.com/content/public/ubi/dist/ubi9/9/x86_64/baseos/os/Packages/d/diffutils-3.7-12.el9.x86_64.rpm
    repoid: ubi-9-for-x86_64-baseos-rpms
    size: 411559
    checksum: sha256:2d4c4fdfc10215af3c957c24995b79a26e27e6d76de4ed1f5198d25bf7ef9671
    name: diffutils
    evr: 3.7-12.el9
    sourcerpm: diffutils-3.7-12.el9.src.rpm
  - url: https://cdn-ubi.redhat.com/content/public/ubi/dist/ubi9/9/x86_64/baseos/os/Packages/e/elfutils-debuginfod-client-0.193-1.el9.x86_64.rpm
    repoid: ubi-9-for-x86_64-baseos-rpms
    size: 44629
    checksum: sha256:595b16ef65e5310e6091af8e9ff9dc378249ab3d739f7b02881b3eb33c9acce6
    name: elfutils-debuginfod-client
    evr: 0.193-1.el9
    sourcerpm: elfutils-0.193-1.el9.src.rpm
  - url: https://cdn-ubi.redhat.com/content/public/ubi/dist/ubi9/9/x86_64/baseos/os/Packages/e/elfutils-libelf-0.193-1.el9.x86_64.rpm
    repoid: ubi-9-for-x86_64-baseos-rpms
    size: 209533
    checksum: sha256:c37308dadac722a4fc928cb4b919c0c5561c458169f754beb7375eb067012195
    name: elfutils-libelf
    evr: 0.193-1.el9
    sourcerpm: elfutils-0.193-1.el9.src.rpm
  - url: https://cdn-ubi.redhat.com/content/public/ubi/dist/ubi9/9/x86_64/baseos/os/Packages/e/elfutils-libs-0.193-1.el9.x86_64.rpm
    repoid: ubi-9-for-x86_64-baseos-rpms
    size: 274462
    checksum: sha256:a1e6d8396c33dadf7f8f568284e90238e0e1d68a77b2c6c4b2e4ff00ff233e70
    name: elfutils-libs
    evr: 0.193-1.el9
    sourcerpm: elfutils-0.193-1.el9.src.rpm
  - url: https://cdn-ubi.redhat.com/content/public/ubi/dist/ubi9/9/x86_64/baseos/os/Packages/g/glib2-2.68.4-18.el9_7.x86_64.rpm
    repoid: ubi-9-for-x86_64-baseos-rpms
    size: 2767050
    checksum: sha256:7fc2e4c80d11c7413875ffa2622a20ab3365e30416d404f7b6b9f12cade49bff
    name: glib2
    evr: 2.68.4-18.el9_7
    sourcerpm: glib2-2.68.4-18.el9_7.src.rpm
  - url: https://cdn-ubi.redhat.com/content/public/ubi/dist/ubi9/9/x86_64/baseos/os/Packages/g/glibc-2.34-231.el9_7.2.x86_64.rpm
    repoid: ubi-9-for-x86_64-baseos-rpms
    size: 2074021
    checksum: sha256:d66bcbe73831d22598af6d930ed542e6740671568764894a51f36c1d9d16e96e
    name: glibc
    evr: 2.34-231.el9_7.2
    sourcerpm: glibc-2.34-231.el9_7.2.src.rpm
  - url: https://cdn-ubi.redhat.com/content/public/ubi/dist/ubi9/9/x86_64/baseos/os/Packages/g/glibc-common-2.34-231.el9_7.2.x86_64.rpm
    repoid: ubi-9-for-x86_64-baseos-rpms
    size: 313407
    checksum: sha256:1c4c2f8e57ae9c9b7e751749de3af85615d936123625d802aaef5a28c068a670
    name: glibc-common
    evr: 2.34-231.el9_7.2
    sourcerpm: glibc-2.34-231.el9_7.2.src.rpm
  - url: https://cdn-ubi.redhat.com/content/public/ubi/dist/ubi9/9/x86_64/baseos/os/Packages/g/glibc-langpack-en-2.34-231.el9_7.2.x86_64.rpm
    repoid: ubi-9-for-x86_64-baseos-rpms
    size: 675632
    checksum: sha256:ea201629802684a4e09563ca2ef138fc02c6a4f9f977fbfe34a6ff12c2305722
    name: glibc-langpack-en
    evr: 2.34-231.el9_7.2
    sourcerpm: glibc-2.34-231.el9_7.2.src.rpm
  - url: https://cdn-ubi.redhat.com/content/public/ubi/dist/ubi9/9/x86_64/baseos/os/Packages/g/glibc-minimal-langpack-2.34-231.el9_7.2.x86_64.rpm
    repoid: ubi-9-for-x86_64-baseos-rpms
    size: 22065
    checksum: sha256:7af1a2a9d1c8cff3e267cfb43a09fe3aeac587e6f2bad89d8bbbd04a3ef740c0
    name: glibc-minimal-langpack
    evr: 2.34-231.el9_7.2
    sourcerpm: glibc-2.34-231.el9_7.2.src.rpm
  - url: https://cdn-ubi.redhat.com/content/public/ubi/dist/ubi9/9/x86_64/baseos/os/Packages/l/libblkid-2.37.4-21.el9.x86_64.rpm
    repoid: ubi-9-for-x86_64-baseos-rpms
    size: 111211
    checksum: sha256:d3cb190d20c5bdf24fff25acb78fd2bb5026efb86b3b8d51c35362c16e7563a1
    name: libblkid
    evr: 2.37.4-21.el9
    sourcerpm: util-linux-2.37.4-21.el9.src.rpm
  - url: https://cdn-ubi.redhat.com/content/public/ubi/dist/ubi9/9/x86_64/baseos/os/Packages/l/libfdisk-2.37.4-21.el9.x86_64.rpm
    repoid: ubi-9-for-x86_64-baseos-rpms
    size: 159417
    checksum: sha256:81c7676b72b85d8b5822888c510952ec0996b3d89bf8cddaf76dba31bc72a4a1
    name: libfdisk
    evr: 2.37.4-21.el9
    sourcerpm: util-linux-2.37.4-21.el9.src.rpm
  - url: https://cdn-ubi.redhat.com/content/public/ubi/dist/ubi9/9/x86_64/baseos/os/Packages/l/libgcc-11.5.0-11.el9.x86_64.rpm
    repoid: ubi-9-for-x86_64-baseos-rpms
    size: 87015
    checksum: sha256:356a49e90f3f0196e94348f4820e5282ac126f2885ac21640d989cdd76240bec
    name: libgcc
    evr: 11.5.0-11.el9
    sourcerpm: gcc-11.5.0-11.el9.src.rpm
  - url: https://cdn-ubi.redhat.com/content/public/ubi/dist/ubi9/9/x86_64/baseos/os/Packages/l/libgomp-11.5.0-11.el9.x86_64.rpm
    repoid: ubi-9-for-x86_64-baseos-rpms
    size: 263529
    checksum: sha256:da7aa3b4934ff0ccf24f925b8216654cf9c9881f64075e2fde1da4f560ca5c2f
    name: libgomp
    evr: 11.5.0-11.el9
    sourcerpm: gcc-11.5.0-11.el9.src.rpm
  - url: https://cdn-ubi.redhat.com/content/public/ubi/dist/ubi9/9/x86_64/baseos/os/Packages/l/libmount-2.37.4-21.el9.x86_64.rpm
    repoid: ubi-9-for-x86_64-baseos-rpms
    size: 139470
    checksum: sha256:49b2b2a02d276281bc02907b1d5431fd07ac200d47e621a41ca5169d30537442
    name: libmount
    evr: 2.37.4-21.el9
    sourcerpm: util-linux-2.37.4-21.el9.src.rpm
  - url: https://cdn-ubi.redhat.com/content/public/ubi/dist/ubi9/9/x86_64/baseos/os/Packages/l/libpkgconf-1.7.3-10.el9.x86_64.rpm
    repoid: ubi-9-for-x86_64-baseos-rpms
    size: 38387
    checksum: sha256:4feae5941b73640bd86b8d506a657cac5b770043db1464fbcd207721b2159dda
    name: libpkgconf
    evr: 1.7.3-10.el9
    sourcerpm: pkgconf-1.7.3-10.el9.src.rpm
  - url: https://cdn-ubi.redhat.com/content/public/ubi/dist/ubi9/9/x86_64/baseos/os/Packages/l/libselinux-3.6-3.el9.x86_64.rpm
    repoid: ubi-9-for-x86_64-baseos-rpms
    size: 89722
    checksum: sha256:ce1cc63a7212c39f5f2a35f719ee38d6418cf081ea78c9317f388d9f41e4a627
    name: libselinux
    evr: 3.6-3.el9
    sourcerpm: libselinux-3.6-3.el9.src.rpm
  - url: https://cdn-ubi.redhat.com/content/public/ubi/dist/ubi9/9/x86_64/baseos/os/Packages/l/libsepol-3.6-3.el9.x86_64.rpm
    repoid: ubi-9-for-x86_64-baseos-rpms
    size: 338766
    checksum: sha256:b98984b2bf42203964cc979ac157df090c63b89a0f5c6560ede01965531c8ffd
    name: libsepol
    evr: 3.6-3.el9
    sourcerpm: libsepol-3.6-3.el9.src.rpm
  - url: https://cdn-ubi.redhat.com/content/public/ubi/dist/ubi9/9/x86_64/baseos/os/Packages/l/libsmartcols-2.37.4-21.el9.x86_64.rpm
    repoid: ubi-9-for-x86_64-baseos-rpms
    size: 66253
    checksum: sha256:bdf30ad7ecb50b5a883fb55b21074b7ae8a8273dfba84f81401d10917bcdac4b
    name: libsmartcols
    evr: 2.37.4-21.el9
    sourcerpm: util-linux-2.37.4-21.el9.src.rpm
  - url: https://cdn-ubi.redhat.com/content/public/ubi/dist/ubi9/9/x86_64/baseos/os/Packages/l/libuuid-2.37.4-21.el9.x86_64.rpm
    repoid: ubi-9-for-x86_64-baseos-rpms
    size: 30462
    checksum: sha256:04d74d33e9582ba723061d06f972118fdb4867d307164f61ea4778f7fa67aed7
    name: libuuid
    evr: 2.37.4-21.el9
    sourcerpm: util-linux-2.37.4-21.el9.src.rpm
  - url: https://cdn-ubi.redhat.com/content/public/ubi/dist/ubi9/9/x86_64/baseos/os/Packages/m/make-4.3-8.el9.x86_64.rpm
    repoid: ubi-9-for-x86_64-baseos-rpms
    size: 553896
    checksum: sha256:561f0c2251e9217c81a6c88de4d2d9231a039aaab37e8a0d2559d36ce9fa85fd
    name: make
    evr: 1:4.3-8.el9
    sourcerpm: make-4.3-8.el9.src.rpm
  - url: https://cdn-ubi.redhat.com/content/public/ubi/dist/ubi9/9/x86_64/baseos/os/Packages/o/openssl-3.5.1-5.el9_7.x86_64.rpm
    repoid: ubi-9-for-x86_64-baseos-rpms
    size: 1555474
    checksum: sha256:3bfd7ceb59a554e40cb417e2b5b2d046be671ce49abc058328807049baf1134f
    name: openssl
    evr: 1:3.5.1-5.el9_7
    sourcerpm: openssl-3.5.1-5.el9_7.src.rpm
  - url: https://cdn-ubi.redhat.com/content/public/ubi/dist/ubi9/9/x86_64/baseos/os/Packages/o/openssl-fips-provider-3.0.7-8.el9.x86_64.rpm
    repoid: ubi-9-for-x86_64-baseos-rpms
    size: 9402
    checksum: sha256:bbf25303def8e1270675531c47bdad432f6ad8ef4c327556ae65bd6abaf8edb5
    name: openssl-fips-provider
    evr: 3.0.7-8.el9
    sourcerpm: openssl-fips-provider-3.0.7-8.el9.src.rpm
  - url: https://cdn-ubi.redhat.com/content/public/ubi/dist/ubi9/9/x86_64/baseos/os/Packages/o/openssl-fips-provider-so-3.0.7-8.el9.x86_64.rpm
    repoid: ubi-9-for-x86_64-baseos-rpms
    size: 589811
    checksum: sha256:ab48d98504fae6f8636de027a1ee06d21d5e9c27b7beb247017a6fe55567c5e9
    name: openssl-fips-provider-so
    evr: 3.0.7-8.el9
    sourcerpm: openssl-fips-provider-3.0.7-8.el9.src.rpm
  - url: https://cdn-ubi.redhat.com/content/public/ubi/dist/ubi9/9/x86_64/baseos/os/Packages/o/openssl-libs-3.5.1-5.el9_7.x86_64.rpm
    repoid: ubi-9-for-x86_64-baseos-rpms
    size: 2411938
    checksum: sha256:632caf8af918169330719ff0bf79ea7ba3e545a352e3da293df5cf4fbbb70e4d
    name: openssl-libs
    evr: 1:3.5.1-5.el9_7
    sourcerpm: openssl-3.5.1-5.el9_7.src.rpm
  - url: https://cdn-ubi.redhat.com/content/public/ubi/dist/ubi9/9/x86_64/baseos/os/Packages/p/pkgconf-1.7.3-10.el9.x86_64.rpm
    repoid: ubi-9-for-x86_64-baseos-rpms
    size: 45675
    checksum: sha256:bb47b4ecc499c308f41031a99e723827d152d5d750f59849d0c265d820944a26
    name: pkgconf
    evr: 1.7.3-10.el9
    sourcerpm: pkgconf-1.7.3-10.el9.src.rpm
  - url: https://cdn-ubi.redhat.com/content/public/ubi/dist/ubi9/9/x86_64/baseos/os/Packages/p/pkgconf-m4-1.7.3-10.el9.noarch.rpm
    repoid: ubi-9-for-x86_64-baseos-rpms
    size: 16054
    checksum: sha256:91bafd6e06099451f60288327b275cfcc651822f6145176a157c6b0fa5131e02
    name: pkgconf-m4
    evr: 1.7.3-10.el9
    sourcerpm: pkgconf-1.7.3-10.el9.src.rpm
  - url: https://cdn-ubi.redhat.com/content/public/ubi/dist/ubi9/9/x86_64/baseos/os/Packages/p/pkgconf-pkg-config-1.7.3-10.el9.x86_64.rpm
    repoid: ubi-9-for-x86_64-baseos-rpms
    size: 12438
    checksum: sha256:9a502d81d73d3303ceb53a06ad7ce525c97117ea64352174a33708bf3429283d
    name: pkgconf-pkg-config
    evr: 1.7.3-10.el9
    sourcerpm: pkgconf-1.7.3-10.el9.src.rpm
  - url: https://cdn-ubi.redhat.com/content/public/ubi/dist/ubi9/9/x86_64/baseos/os/Packages/u/util-linux-2.37.4-21.el9.x86_64.rpm
    repoid: ubi-9-for-x86_64-baseos-rpms
    size: 2395065
    checksum: sha256:61c795084ae4b7745b904347d4643110cd62558fce2978bd4f025ff83524e55f
    name: util-linux
    evr: 2.37.4-21.el9
    sourcerpm: util-linux-2.37.4-21.el9.src.rpm
  - url: https://cdn-ubi.redhat.com/content/public/ubi/dist/ubi9/9/x86_64/baseos/os/Packages/u/util-linux-core-2.37.4-21.el9.x86_64.rpm
    repoid: ubi-9-for-x86_64-baseos-rpms
    size: 480619
    checksum: sha256:36389814fcec56d9b9d4bd1a4a63efb1cefa00bc8bacab73f89ef8f8be04b1cd
    name: util-linux-core
    evr: 2.37.4-21.el9
    sourcerpm: util-linux-2.37.4-21.el9.src.rpm
  - url: https://cdn-ubi.redhat.com/content/public/ubi/dist/ubi9/9/x86_64/codeready-builder/os/Packages/g/gpgme-devel-1.15.1-6.el9.x86_64.rpm
    repoid: codeready-builder-for-ubi-9-x86_64
    size: 170873
    checksum: sha256:864381afbdbdcf4a625a14643b5775a5b9b6b0724c342cd743a2dc350aedddd2
    name: gpgme-devel
    evr: 1.15.1-6.el9
    sourcerpm: gpgme-1.15.1-6.el9.src.rpm
  - url: https://cdn-ubi.redhat.com/content/public/ubi/dist/ubi9/9/x86_64/codeready-builder/os/Packages/l/libassuan-devel-2.5.5-3.el9.x86_64.rpm
    repoid: codeready-builder-for-ubi-9-x86_64
    size: 66633
    checksum: sha256:232bccdb2c45f2ceafae2fa138c18d6aba5c953d9eee0aab2f8fc078b9b4b4a4
    name: libassuan-devel
    evr: 2.5.5-3.el9
    sourcerpm: libassuan-2.5.5-3.el9.src.rpm
  source: []
  module_metadata: []
